
Microsoft Visual Studio Solution File, Format Version 11.00
# Visual Studio 2010
Project("{FAE04EC0-301F-11D3-BF4B-00C04F79EFBC}") = "FinalTD15", "Assembly-CSharp.csproj", "{519F91B0-7BD6-F3F1-9D23-16A1F7896B6E}"
EndProject
Project("{FAE04EC0-301F-11D3-BF4B-00C04F79EFBC}") = "FinalTD15", "Assembly-CSharp-Editor.csproj", "{CD7A2220-5147-6A0D-0CED-016DC37ECCA4}"
EndProject
Global
	GlobalSection(SolutionConfigurationPlatforms) = preSolution
		Debug|Any CPU = Debug|Any CPU
		Release|Any CPU = Release|Any CPU
	EndGlobalSection
	GlobalSection(ProjectConfigurationPlatforms) = postSolution
		{519F91B0-7BD6-F3F1-9D23-16A1F7896B6E}.Debug|Any CPU.ActiveCfg = Debug|Any CPU
		{519F91B0-7BD6-F3F1-9D23-16A1F7896B6E}.Debug|Any CPU.Build.0 = Debug|Any CPU
		{519F91B0-7BD6-F3F1-9D23-16A1F7896B6E}.Release|Any CPU.ActiveCfg = Release|Any CPU
		{519F91B0-7BD6-F3F1-9D23-16A1F7896B6E}.Release|Any CPU.Build.0 = Release|Any CPU
		{CD7A2220-5147-6A0D-0CED-016DC37ECCA4}.Debug|Any CPU.ActiveCfg = Debug|Any CPU
		{CD7A2220-5147-6A0D-0CED-016DC37ECCA4}.Debug|Any CPU.Build.0 = Debug|Any CPU
		{CD7A2220-5147-6A0D-0CED-016DC37ECCA4}.Release|Any CPU.ActiveCfg = Release|Any CPU
		{CD7A2220-5147-6A0D-0CED-016DC37ECCA4}.Release|Any CPU.Build.0 = Release|Any CPU
	EndGlobalSection
	GlobalSection(SolutionProperties) = preSolution
		HideSolutionNode = FALSE
	EndGlobalSection
	GlobalSection(MonoDevelopProperties) = preSolution
		StartupItem = Assembly-CSharp.csproj
	EndGlobalSection
EndGlobal
