
Microsoft Visual Studio Solution File, Format Version 11.00
# Visual Studio 2010
Project("{FAE04EC0-301F-11D3-BF4B-00C04F79EFBC}") = "FinalTD14", "Assembly-CSharp.csproj", "{0EA552FB-650C-60D6-631A-94B4F226FB7A}"
EndProject
Project("{FAE04EC0-301F-11D3-BF4B-00C04F79EFBC}") = "FinalTD14", "Assembly-CSharp-Editor.csproj", "{4EE59B77-7E38-C0D5-0C1E-1EEC23D2B970}"
EndProject
Global
	GlobalSection(SolutionConfigurationPlatforms) = preSolution
		Debug|Any CPU = Debug|Any CPU
		Release|Any CPU = Release|Any CPU
	EndGlobalSection
	GlobalSection(ProjectConfigurationPlatforms) = postSolution
		{0EA552FB-650C-60D6-631A-94B4F226FB7A}.Debug|Any CPU.ActiveCfg = Debug|Any CPU
		{0EA552FB-650C-60D6-631A-94B4F226FB7A}.Debug|Any CPU.Build.0 = Debug|Any CPU
		{0EA552FB-650C-60D6-631A-94B4F226FB7A}.Release|Any CPU.ActiveCfg = Release|Any CPU
		{0EA552FB-650C-60D6-631A-94B4F226FB7A}.Release|Any CPU.Build.0 = Release|Any CPU
		{4EE59B77-7E38-C0D5-0C1E-1EEC23D2B970}.Debug|Any CPU.ActiveCfg = Debug|Any CPU
		{4EE59B77-7E38-C0D5-0C1E-1EEC23D2B970}.Debug|Any CPU.Build.0 = Debug|Any CPU
		{4EE59B77-7E38-C0D5-0C1E-1EEC23D2B970}.Release|Any CPU.ActiveCfg = Release|Any CPU
		{4EE59B77-7E38-C0D5-0C1E-1EEC23D2B970}.Release|Any CPU.Build.0 = Release|Any CPU
	EndGlobalSection
	GlobalSection(SolutionProperties) = preSolution
		HideSolutionNode = FALSE
	EndGlobalSection
	GlobalSection(MonoDevelopProperties) = preSolution
		StartupItem = Assembly-CSharp.csproj
	EndGlobalSection
EndGlobal
