
Microsoft Visual Studio Solution File, Format Version 11.00
# Visual Studio 2010
Project("{FAE04EC0-301F-11D3-BF4B-00C04F79EFBC}") = "FinalTD11", "Assembly-CSharp.csproj", "{94E89A4A-D667-F757-8F02-E444716F8595}"
EndProject
Project("{FAE04EC0-301F-11D3-BF4B-00C04F79EFBC}") = "FinalTD11", "Assembly-CSharp-Editor.csproj", "{F756A0C2-97FD-2866-118F-29C8A42DD9D2}"
EndProject
Global
	GlobalSection(SolutionConfigurationPlatforms) = preSolution
		Debug|Any CPU = Debug|Any CPU
		Release|Any CPU = Release|Any CPU
	EndGlobalSection
	GlobalSection(ProjectConfigurationPlatforms) = postSolution
		{94E89A4A-D667-F757-8F02-E444716F8595}.Debug|Any CPU.ActiveCfg = Debug|Any CPU
		{94E89A4A-D667-F757-8F02-E444716F8595}.Debug|Any CPU.Build.0 = Debug|Any CPU
		{94E89A4A-D667-F757-8F02-E444716F8595}.Release|Any CPU.ActiveCfg = Release|Any CPU
		{94E89A4A-D667-F757-8F02-E444716F8595}.Release|Any CPU.Build.0 = Release|Any CPU
		{F756A0C2-97FD-2866-118F-29C8A42DD9D2}.Debug|Any CPU.ActiveCfg = Debug|Any CPU
		{F756A0C2-97FD-2866-118F-29C8A42DD9D2}.Debug|Any CPU.Build.0 = Debug|Any CPU
		{F756A0C2-97FD-2866-118F-29C8A42DD9D2}.Release|Any CPU.ActiveCfg = Release|Any CPU
		{F756A0C2-97FD-2866-118F-29C8A42DD9D2}.Release|Any CPU.Build.0 = Release|Any CPU
	EndGlobalSection
	GlobalSection(SolutionProperties) = preSolution
		HideSolutionNode = FALSE
	EndGlobalSection
	GlobalSection(MonoDevelopProperties) = preSolution
		StartupItem = Assembly-CSharp.csproj
	EndGlobalSection
EndGlobal
