
Microsoft Visual Studio Solution File, Format Version 11.00
# Visual Studio 2010
Project("{FAE04EC0-301F-11D3-BF4B-00C04F79EFBC}") = "FinalTD8", "Assembly-CSharp.csproj", "{4181627E-3052-F32E-A2AE-4EB1358CDD9B}"
EndProject
Project("{FAE04EC0-301F-11D3-BF4B-00C04F79EFBC}") = "FinalTD8", "Assembly-CSharp-Editor.csproj", "{B909697E-A68E-81CC-ADF1-5B4ACD220735}"
EndProject
Global
	GlobalSection(SolutionConfigurationPlatforms) = preSolution
		Debug|Any CPU = Debug|Any CPU
		Release|Any CPU = Release|Any CPU
	EndGlobalSection
	GlobalSection(ProjectConfigurationPlatforms) = postSolution
		{4181627E-3052-F32E-A2AE-4EB1358CDD9B}.Debug|Any CPU.ActiveCfg = Debug|Any CPU
		{4181627E-3052-F32E-A2AE-4EB1358CDD9B}.Debug|Any CPU.Build.0 = Debug|Any CPU
		{4181627E-3052-F32E-A2AE-4EB1358CDD9B}.Release|Any CPU.ActiveCfg = Release|Any CPU
		{4181627E-3052-F32E-A2AE-4EB1358CDD9B}.Release|Any CPU.Build.0 = Release|Any CPU
		{B909697E-A68E-81CC-ADF1-5B4ACD220735}.Debug|Any CPU.ActiveCfg = Debug|Any CPU
		{B909697E-A68E-81CC-ADF1-5B4ACD220735}.Debug|Any CPU.Build.0 = Debug|Any CPU
		{B909697E-A68E-81CC-ADF1-5B4ACD220735}.Release|Any CPU.ActiveCfg = Release|Any CPU
		{B909697E-A68E-81CC-ADF1-5B4ACD220735}.Release|Any CPU.Build.0 = Release|Any CPU
	EndGlobalSection
	GlobalSection(SolutionProperties) = preSolution
		HideSolutionNode = FALSE
	EndGlobalSection
	GlobalSection(MonoDevelopProperties) = preSolution
		StartupItem = Assembly-CSharp.csproj
	EndGlobalSection
EndGlobal
